
Microsoft Visual Studio Solution File, Format Version 12.00
# Visual Studio Version 17
VisualStudioVersion = 17.0.31903.59
MinimumVisualStudioVersion = 10.0.40219.1
Project("{FAE04EC0-301F-11D3-BF4B-00C04F79EFBC}") = "Tsk.Store.HttpApi", "Tsk.Store.HttpApi\Tsk.Store.HttpApi.csproj", "{6D453D46-A3B4-4251-8438-259DAFF12F47}"
EndProject
Project("{FAE04EC0-301F-11D3-BF4B-00C04F79EFBC}") = "Tsk.Store.Tests", "Tsk.Store.Tests\Tsk.Store.Tests.csproj", "{46677E80-4BA1-4760-A8AB-8BC316C8ED44}"
EndProject
Global
	GlobalSection(SolutionConfigurationPlatforms) = preSolution
		Debug|Any CPU = Debug|Any CPU
		Release|Any CPU = Release|Any CPU
	EndGlobalSection
	GlobalSection(SolutionProperties) = preSolution
		HideSolutionNode = FALSE
	EndGlobalSection
	GlobalSection(ProjectConfigurationPlatforms) = postSolution
		{6D453D46-A3B4-4251-8438-259DAFF12F47}.Debug|Any CPU.ActiveCfg = Debug|Any CPU
		{6D453D46-A3B4-4251-8438-259DAFF12F47}.Debug|Any CPU.Build.0 = Debug|Any CPU
		{6D453D46-A3B4-4251-8438-259DAFF12F47}.Release|Any CPU.ActiveCfg = Release|Any CPU
		{6D453D46-A3B4-4251-8438-259DAFF12F47}.Release|Any CPU.Build.0 = Release|Any CPU
		{46677E80-4BA1-4760-A8AB-8BC316C8ED44}.Debug|Any CPU.ActiveCfg = Debug|Any CPU
		{46677E80-4BA1-4760-A8AB-8BC316C8ED44}.Debug|Any CPU.Build.0 = Debug|Any CPU
		{46677E80-4BA1-4760-A8AB-8BC316C8ED44}.Release|Any CPU.ActiveCfg = Release|Any CPU
		{46677E80-4BA1-4760-A8AB-8BC316C8ED44}.Release|Any CPU.Build.0 = Release|Any CPU
	EndGlobalSection
EndGlobal
